
Microsoft Visual Studio Solution File, Format Version 12.00
# Visual Studio Version 17
VisualStudioVersion = 17.7.34031.279
MinimumVisualStudioVersion = 10.0.40219.1
Project("{FAE04EC0-301F-11D3-BF4B-00C04F79EFBC}") = "9section1.7", "9section1.7\9section1.7.csproj", "{66E1E86B-0280-4EDE-9A41-32BC6847DFE1}"
EndProject
Global
	GlobalSection(SolutionConfigurationPlatforms) = preSolution
		Debug|Any CPU = Debug|Any CPU
		Release|Any CPU = Release|Any CPU
	EndGlobalSection
	GlobalSection(ProjectConfigurationPlatforms) = postSolution
		{66E1E86B-0280-4EDE-9A41-32BC6847DFE1}.Debug|Any CPU.ActiveCfg = Debug|Any CPU
		{66E1E86B-0280-4EDE-9A41-32BC6847DFE1}.Debug|Any CPU.Build.0 = Debug|Any CPU
		{66E1E86B-0280-4EDE-9A41-32BC6847DFE1}.Release|Any CPU.ActiveCfg = Release|Any CPU
		{66E1E86B-0280-4EDE-9A41-32BC6847DFE1}.Release|Any CPU.Build.0 = Release|Any CPU
	EndGlobalSection
	GlobalSection(SolutionProperties) = preSolution
		HideSolutionNode = FALSE
	EndGlobalSection
	GlobalSection(ExtensibilityGlobals) = postSolution
		SolutionGuid = {B01448CB-AD24-4526-8066-4E7E2EA47FD7}
	EndGlobalSection
EndGlobal
